Microsoft Visual Studio Solution File, Format Version 12.00
# Visual Studio Version 17
VisualStudioVersion = 17.10.34928.147
MinimumVisualStudioVersion = 10.0.40219.1
Project("{9A19103F-16F7-4668-BE54-9A1E7A4F7556}") = "Aspire App.AppHost", "src\Infrastructure\Aspire App.AppHost\Aspire App.AppHost.csproj", "{33AA2E84-93E6-41DA-8DE3-38AB99F636AA}"
EndProject
Project("{9A19103F-16F7-4668-BE54-9A1E7A4F7556}") = "Aspire App.ServiceDefaults", "src\Infrastructure\Aspire App.ServiceDefaults\Aspire App.ServiceDefaults.csproj", "{D59642A0-D9D3-4305-81C6-9719F880435A}"
EndProject
Project("{9A19103F-16F7-4668-BE54-9A1E7A4F7556}") = "Platform", "src\Services\Platform\Platform.csproj", "{86F2773B-5539-4C7D-8C77-DC4335EFFDDF}"
EndProject
Project("{9A19103F-16F7-4668-BE54-9A1E7A4F7556}") = "Aspire App.Web", "src\Frontend\Aspire App.Web\Aspire App.Web.csproj", "{F92FAF9D-057F-4BD7-AC2A-B23C3F52EA2E}"
EndProject
Project("{FAE04EC0-301F-11D3-BF4B-00C04F79EFBC}") = "Library", "src\Common\Library\Library.csproj", "{6C118239-4291-483C-A609-6AC2A9208E49}"
EndProject
Project("{FAE04EC0-301F-11D3-BF4B-00C04F79EFBC}") = "Contracts", "src\Common\Contracts\Contracts.csproj", "{6745E549-E8B4-4D6E-BBC7-92C40AB0A2E5}"
EndProject
Project("{2150E333-8FDC-42A3-9474-1A3956D46DE8}") = "Frontend", "Frontend", "{25D0171F-2B70-4E07-98DC-D5041C5508BE}"
EndProject
Project("{2150E333-8FDC-42A3-9474-1A3956D46DE8}") = "Common", "Common", "{959CC1CA-7403-4AFE-B8E7-A3C1A3EE1A3C}"
EndProject
Project("{FAE04EC0-301F-11D3-BF4B-00C04F79EFBC}") = "Service.Courses", "src\Services\Service.Courses\Service.Courses.csproj", "{BB48FEAE-D700-464B-9050-7EFE12DBC4BB}"
EndProject
Project("{2150E333-8FDC-42A3-9474-1A3956D46DE8}") = "Services", "Services", "{0E51FBAE-CD3F-42F8-B635-F3DCD43A66C0}"
EndProject
Project("{FAE04EC0-301F-11D3-BF4B-00C04F79EFBC}") = "Service.Enrollments", "src\Services\Service.Enrollments\Service.Enrollments.csproj", "{2ECFEE61-3002-42E8-A985-5C174CEC231B}"
EndProject
Project("{2150E333-8FDC-42A3-9474-1A3956D46DE8}") = "Infrastructure", "Infrastructure", "{770CF3E4-6FE0-404F-A9CA-2AD30EA64559}"
EndProject
Project("{FAE04EC0-301F-11D3-BF4B-00C04F79EFBC}") = "Service.Students", "src\Services\Service.Students\Service.Students.csproj", "{ADACD167-EFA9-4A77-A2B9-811DD66BE53E}"
EndProject
Global
	GlobalSection(SolutionConfigurationPlatforms) = preSolution
		Debug|Any CPU = Debug|Any CPU
		Release|Any CPU = Release|Any CPU
	EndGlobalSection
	GlobalSection(ProjectConfigurationPlatforms) = postSolution
		{33AA2E84-93E6-41DA-8DE3-38AB99F636AA}.Debug|Any CPU.ActiveCfg = Debug|Any CPU
		{33AA2E84-93E6-41DA-8DE3-38AB99F636AA}.Debug|Any CPU.Build.0 = Debug|Any CPU
		{33AA2E84-93E6-41DA-8DE3-38AB99F636AA}.Release|Any CPU.ActiveCfg = Release|Any CPU
		{33AA2E84-93E6-41DA-8DE3-38AB99F636AA}.Release|Any CPU.Build.0 = Release|Any CPU
		{D59642A0-D9D3-4305-81C6-9719F880435A}.Debug|Any CPU.ActiveCfg = Debug|Any CPU
		{D59642A0-D9D3-4305-81C6-9719F880435A}.Debug|Any CPU.Build.0 = Debug|Any CPU
		{D59642A0-D9D3-4305-81C6-9719F880435A}.Release|Any CPU.ActiveCfg = Release|Any CPU
		{D59642A0-D9D3-4305-81C6-9719F880435A}.Release|Any CPU.Build.0 = Release|Any CPU
		{86F2773B-5539-4C7D-8C77-DC4335EFFDDF}.Debug|Any CPU.ActiveCfg = Debug|Any CPU
		{86F2773B-5539-4C7D-8C77-DC4335EFFDDF}.Debug|Any CPU.Build.0 = Debug|Any CPU
		{86F2773B-5539-4C7D-8C77-DC4335EFFDDF}.Release|Any CPU.ActiveCfg = Release|Any CPU
		{86F2773B-5539-4C7D-8C77-DC4335EFFDDF}.Release|Any CPU.Build.0 = Release|Any CPU
		{F92FAF9D-057F-4BD7-AC2A-B23C3F52EA2E}.Debug|Any CPU.ActiveCfg = Debug|Any CPU
		{F92FAF9D-057F-4BD7-AC2A-B23C3F52EA2E}.Debug|Any CPU.Build.0 = Debug|Any CPU
		{F92FAF9D-057F-4BD7-AC2A-B23C3F52EA2E}.Release|Any CPU.ActiveCfg = Release|Any CPU
		{F92FAF9D-057F-4BD7-AC2A-B23C3F52EA2E}.Release|Any CPU.Build.0 = Release|Any CPU
		{6C118239-4291-483C-A609-6AC2A9208E49}.Debug|Any CPU.ActiveCfg = Debug|Any CPU
		{6C118239-4291-483C-A609-6AC2A9208E49}.Debug|Any CPU.Build.0 = Debug|Any CPU
		{6C118239-4291-483C-A609-6AC2A9208E49}.Release|Any CPU.ActiveCfg = Release|Any CPU
		{6C118239-4291-483C-A609-6AC2A9208E49}.Release|Any CPU.Build.0 = Release|Any CPU
		{6745E549-E8B4-4D6E-BBC7-92C40AB0A2E5}.Debug|Any CPU.ActiveCfg = Debug|Any CPU
		{6745E549-E8B4-4D6E-BBC7-92C40AB0A2E5}.Debug|Any CPU.Build.0 = Debug|Any CPU
		{6745E549-E8B4-4D6E-BBC7-92C40AB0A2E5}.Release|Any CPU.ActiveCfg = Release|Any CPU
		{6745E549-E8B4-4D6E-BBC7-92C40AB0A2E5}.Release|Any CPU.Build.0 = Release|Any CPU
		{BB48FEAE-D700-464B-9050-7EFE12DBC4BB}.Debug|Any CPU.ActiveCfg = Debug|Any CPU
		{BB48FEAE-D700-464B-9050-7EFE12DBC4BB}.Debug|Any CPU.Build.0 = Debug|Any CPU
		{BB48FEAE-D700-464B-9050-7EFE12DBC4BB}.Release|Any CPU.ActiveCfg = Release|Any CPU
		{BB48FEAE-D700-464B-9050-7EFE12DBC4BB}.Release|Any CPU.Build.0 = Release|Any CPU
		{2ECFEE61-3002-42E8-A985-5C174CEC231B}.Debug|Any CPU.ActiveCfg = Debug|Any CPU
		{2ECFEE61-3002-42E8-A985-5C174CEC231B}.Debug|Any CPU.Build.0 = Debug|Any CPU
		{2ECFEE61-3002-42E8-A985-5C174CEC231B}.Release|Any CPU.ActiveCfg = Release|Any CPU
		{2ECFEE61-3002-42E8-A985-5C174CEC231B}.Release|Any CPU.Build.0 = Release|Any CPU
		{ADACD167-EFA9-4A77-A2B9-811DD66BE53E}.Debug|Any CPU.ActiveCfg = Debug|Any CPU
		{ADACD167-EFA9-4A77-A2B9-811DD66BE53E}.Debug|Any CPU.Build.0 = Debug|Any CPU
		{ADACD167-EFA9-4A77-A2B9-811DD66BE53E}.Release|Any CPU.ActiveCfg = Release|Any CPU
		{ADACD167-EFA9-4A77-A2B9-811DD66BE53E}.Release|Any CPU.Build.0 = Release|Any CPU
	EndGlobalSection
	GlobalSection(SolutionProperties) = preSolution
		HideSolutionNode = FALSE
	EndGlobalSection
	GlobalSection(ExtensibilityGlobals) = postSolution
		SolutionGuid = {F6CC98D5-166B-43D2-8954-837652E6EA73}
	EndGlobalSection
	GlobalSection(NestedProjects) = preSolution
		{F92FAF9D-057F-4BD7-AC2A-B23C3F52EA2E} = {25D0171F-2B70-4E07-98DC-D5041C5508BE}
		{6745E549-E8B4-4D6E-BBC7-92C40AB0A2E5} = {959CC1CA-7403-4AFE-B8E7-A3C1A3EE1A3C}
		{6C118239-4291-483C-A609-6AC2A9208E49} = {959CC1CA-7403-4AFE-B8E7-A3C1A3EE1A3C}
		{BB48FEAE-D700-464B-9050-7EFE12DBC4BB} = {0E51FBAE-CD3F-42F8-B635-F3DCD43A66C0}
		{86F2773B-5539-4C7D-8C77-DC4335EFFDDF} = {0E51FBAE-CD3F-42F8-B635-F3DCD43A66C0}
		{2ECFEE61-3002-42E8-A985-5C174CEC231B} = {0E51FBAE-CD3F-42F8-B635-F3DCD43A66C0}
		{33AA2E84-93E6-41DA-8DE3-38AB99F636AA} = {770CF3E4-6FE0-404F-A9CA-2AD30EA64559}
		{D59642A0-D9D3-4305-81C6-9719F880435A} = {770CF3E4-6FE0-404F-A9CA-2AD30EA64559}
		{ADACD167-EFA9-4A77-A2B9-811DD66BE53E} = {0E51FBAE-CD3F-42F8-B635-F3DCD43A66C0}
	EndGlobalSection
EndGlobal
